
Microsoft Visual Studio Solution File, Format Version 12.00
# Visual Studio Version 16
VisualStudioVersion = 16.0.32002.261
MinimumVisualStudioVersion = 10.0.40219.1
Project("{FAE04EC0-301F-11D3-BF4B-00C04F79EFBC}") = "WcfServiceThiEAP", "WcfServiceThiEAP\WcfServiceThiEAP.csproj", "{2DBC8B1B-543B-42FB-985C-01F679D35388}"
EndProject
Project("{FAE04EC0-301F-11D3-BF4B-00C04F79EFBC}") = "ManagerEmployees", "ManagerEmployees\ManagerEmployees.csproj", "{4F8BEAC2-C690-40D3-BB70-751E0863D5DF}"
EndProject
Global
	GlobalSection(SolutionConfigurationPlatforms) = preSolution
		Debug|Any CPU = Debug|Any CPU
		Release|Any CPU = Release|Any CPU
	EndGlobalSection
	GlobalSection(ProjectConfigurationPlatforms) = postSolution
		{2DBC8B1B-543B-42FB-985C-01F679D35388}.Debug|Any CPU.ActiveCfg = Debug|Any CPU
		{2DBC8B1B-543B-42FB-985C-01F679D35388}.Debug|Any CPU.Build.0 = Debug|Any CPU
		{2DBC8B1B-543B-42FB-985C-01F679D35388}.Release|Any CPU.ActiveCfg = Release|Any CPU
		{2DBC8B1B-543B-42FB-985C-01F679D35388}.Release|Any CPU.Build.0 = Release|Any CPU
		{4F8BEAC2-C690-40D3-BB70-751E0863D5DF}.Debug|Any CPU.ActiveCfg = Debug|Any CPU
		{4F8BEAC2-C690-40D3-BB70-751E0863D5DF}.Debug|Any CPU.Build.0 = Debug|Any CPU
		{4F8BEAC2-C690-40D3-BB70-751E0863D5DF}.Release|Any CPU.ActiveCfg = Release|Any CPU
		{4F8BEAC2-C690-40D3-BB70-751E0863D5DF}.Release|Any CPU.Build.0 = Release|Any CPU
	EndGlobalSection
	GlobalSection(SolutionProperties) = preSolution
		HideSolutionNode = FALSE
	EndGlobalSection
	GlobalSection(ExtensibilityGlobals) = postSolution
		SolutionGuid = {054AC4E1-CBC6-430A-84F2-F2E4AE8839D2}
	EndGlobalSection
EndGlobal
